
Microsoft Visual Studio Solution File, Format Version 12.00
# Visual Studio Version 17
VisualStudioVersion = 17.4.33403.182
MinimumVisualStudioVersion = 10.0.40219.1
Project("{FAE04EC0-301F-11D3-BF4B-00C04F79EFBC}") = "DACT", "DACT\DACT.csproj", "{A2106F4E-0B62-415A-BA8B-14CA0AAF2AC5}"
EndProject
Global
	GlobalSection(SolutionConfigurationPlatforms) = preSolution
		Debug|Any CPU = Debug|Any CPU
		Release|Any CPU = Release|Any CPU
	EndGlobalSection
	GlobalSection(ProjectConfigurationPlatforms) = postSolution
		{A2106F4E-0B62-415A-BA8B-14CA0AAF2AC5}.Debug|Any CPU.ActiveCfg = Debug|Any CPU
		{A2106F4E-0B62-415A-BA8B-14CA0AAF2AC5}.Debug|Any CPU.Build.0 = Debug|Any CPU
		{A2106F4E-0B62-415A-BA8B-14CA0AAF2AC5}.Release|Any CPU.ActiveCfg = Release|Any CPU
		{A2106F4E-0B62-415A-BA8B-14CA0AAF2AC5}.Release|Any CPU.Build.0 = Release|Any CPU
	EndGlobalSection
	GlobalSection(SolutionProperties) = preSolution
		HideSolutionNode = FALSE
	EndGlobalSection
	GlobalSection(ExtensibilityGlobals) = postSolution
		SolutionGuid = {09994CD2-50ED-4B9F-BDFA-462E5E769499}
	EndGlobalSection
EndGlobal
